
Microsoft Visual Studio Solution File, Format Version 12.00
# Visual Studio 15
VisualStudioVersion = 15.0.28307.106
MinimumVisualStudioVersion = 10.0.40219.1
Project("{FAE04EC0-301F-11D3-BF4B-00C04F79EFBC}") = "UltricoGoogleCalendar", "UltricoGoogleCalendar\UltricoGoogleCalendar.csproj", "{804AC4F0-54C6-4752-A709-FF33BF9999ED}"
EndProject
Project("{FAE04EC0-301F-11D3-BF4B-00C04F79EFBC}") = "UltricoGoogleCalendar.DataLayer", "UltricoGoogleCalendar.DataLayer\UltricoGoogleCalendar.DataLayer.csproj", "{96FA7B11-5FD3-431F-9FBB-4C046C713B30}"
EndProject
Global
	GlobalSection(SolutionConfigurationPlatforms) = preSolution
		Debug|Any CPU = Debug|Any CPU
		Release|Any CPU = Release|Any CPU
	EndGlobalSection
	GlobalSection(ProjectConfigurationPlatforms) = postSolution
		{804AC4F0-54C6-4752-A709-FF33BF9999ED}.Debug|Any CPU.ActiveCfg = Debug|Any CPU
		{804AC4F0-54C6-4752-A709-FF33BF9999ED}.Debug|Any CPU.Build.0 = Debug|Any CPU
		{804AC4F0-54C6-4752-A709-FF33BF9999ED}.Release|Any CPU.ActiveCfg = Release|Any CPU
		{804AC4F0-54C6-4752-A709-FF33BF9999ED}.Release|Any CPU.Build.0 = Release|Any CPU
		{96FA7B11-5FD3-431F-9FBB-4C046C713B30}.Debug|Any CPU.ActiveCfg = Debug|Any CPU
		{96FA7B11-5FD3-431F-9FBB-4C046C713B30}.Debug|Any CPU.Build.0 = Debug|Any CPU
		{96FA7B11-5FD3-431F-9FBB-4C046C713B30}.Release|Any CPU.ActiveCfg = Release|Any CPU
		{96FA7B11-5FD3-431F-9FBB-4C046C713B30}.Release|Any CPU.Build.0 = Release|Any CPU
	EndGlobalSection
	GlobalSection(SolutionProperties) = preSolution
		HideSolutionNode = FALSE
	EndGlobalSection
	GlobalSection(ExtensibilityGlobals) = postSolution
		SolutionGuid = {C1A9FAB2-81DA-4596-9312-961FCDBF4021}
	EndGlobalSection
EndGlobal
