
Microsoft Visual Studio Solution File, Format Version 12.00
# Visual Studio 15
VisualStudioVersion = 15.0.28307.106
MinimumVisualStudioVersion = 10.0.40219.1
Project("{9A19103F-16F7-4668-BE54-9A1E7A4F7556}") = "UltricoGoogleCalendar", "UltricoGoogleCalendar\UltricoGoogleCalendar.csproj", "{804AC4F0-54C6-4752-A709-FF33BF9999ED}"
EndProject
Project("{9A19103F-16F7-4668-BE54-9A1E7A4F7556}") = "UltricoGoogleCalendar.DataLayer", "UltricoGoogleCalendar.DataLayer\UltricoGoogleCalendar.DataLayer.csproj", "{0135F9F1-1E18-4BCE-A3BE-51A4EA9A201F}"
EndProject
Global
	GlobalSection(SolutionConfigurationPlatforms) = preSolution
		Debug|Any CPU = Debug|Any CPU
		Release|Any CPU = Release|Any CPU
	EndGlobalSection
	GlobalSection(ProjectConfigurationPlatforms) = postSolution
		{804AC4F0-54C6-4752-A709-FF33BF9999ED}.Debug|Any CPU.ActiveCfg = Debug|Any CPU
		{804AC4F0-54C6-4752-A709-FF33BF9999ED}.Debug|Any CPU.Build.0 = Debug|Any CPU
		{804AC4F0-54C6-4752-A709-FF33BF9999ED}.Release|Any CPU.ActiveCfg = Release|Any CPU
		{804AC4F0-54C6-4752-A709-FF33BF9999ED}.Release|Any CPU.Build.0 = Release|Any CPU
		{0135F9F1-1E18-4BCE-A3BE-51A4EA9A201F}.Debug|Any CPU.ActiveCfg = Debug|Any CPU
		{0135F9F1-1E18-4BCE-A3BE-51A4EA9A201F}.Debug|Any CPU.Build.0 = Debug|Any CPU
		{0135F9F1-1E18-4BCE-A3BE-51A4EA9A201F}.Release|Any CPU.ActiveCfg = Release|Any CPU
		{0135F9F1-1E18-4BCE-A3BE-51A4EA9A201F}.Release|Any CPU.Build.0 = Release|Any CPU
	EndGlobalSection
	GlobalSection(SolutionProperties) = preSolution
		HideSolutionNode = FALSE
	EndGlobalSection
	GlobalSection(ExtensibilityGlobals) = postSolution
		SolutionGuid = {C1A9FAB2-81DA-4596-9312-961FCDBF4021}
	EndGlobalSection
EndGlobal
